
Microsoft Visual Studio Solution File, Format Version 12.00
# Visual Studio Version 17
VisualStudioVersion = 17.14.36221.1 d17.14
MinimumVisualStudioVersion = 10.0.40219.1
Project("{FAE04EC0-301F-11D3-BF4B-00C04F79EFBC}") = "Personal Finance Tracker - Luca Eisinga", "Personal Finance Tracker - Luca Eisinga\Personal Finance Tracker - Luca Eisinga.csproj", "{BA74BB9D-93F7-4BCD-B104-1401533D907F}"
EndProject
Global
	GlobalSection(SolutionConfigurationPlatforms) = preSolution
		Debug|Any CPU = Debug|Any CPU
		Release|Any CPU = Release|Any CPU
	EndGlobalSection
	GlobalSection(ProjectConfigurationPlatforms) = postSolution
		{BA74BB9D-93F7-4BCD-B104-1401533D907F}.Debug|Any CPU.ActiveCfg = Debug|Any CPU
		{BA74BB9D-93F7-4BCD-B104-1401533D907F}.Debug|Any CPU.Build.0 = Debug|Any CPU
		{BA74BB9D-93F7-4BCD-B104-1401533D907F}.Release|Any CPU.ActiveCfg = Release|Any CPU
		{BA74BB9D-93F7-4BCD-B104-1401533D907F}.Release|Any CPU.Build.0 = Release|Any CPU
	EndGlobalSection
	GlobalSection(SolutionProperties) = preSolution
		HideSolutionNode = FALSE
	EndGlobalSection
	GlobalSection(ExtensibilityGlobals) = postSolution
		SolutionGuid = {E50C6026-6FE4-4530-8070-533F2D87F6CA}
	EndGlobalSection
EndGlobal
